
Microsoft Visual Studio Solution File, Format Version 12.00
# Visual Studio Version 16
VisualStudioVersion = 16.0.30907.101
MinimumVisualStudioVersion = 10.0.40219.1
Project("{9A19103F-16F7-4668-BE54-9A1E7A4F7556}") = "DataAccess", "DataAccess\DataAccess.csproj", "{84537185-D029-40A4-BFED-652AEED2C8A0}"
EndProject
Project("{9A19103F-16F7-4668-BE54-9A1E7A4F7556}") = "Business", "Business\Business.csproj", "{43429194-28BD-4C06-A80B-4CE631CF2DFA}"
EndProject
Project("{9A19103F-16F7-4668-BE54-9A1E7A4F7556}") = "Entities", "Entities\Entities.csproj", "{6C698774-CAD4-4566-9E78-33452B92DEA3}"
EndProject
Project("{9A19103F-16F7-4668-BE54-9A1E7A4F7556}") = "ConsoleUI", "ConsoleUI\ConsoleUI.csproj", "{05AA7D8D-F9F4-433F-8AA1-DB4A0D8047FD}"
EndProject
Project("{FAE04EC0-301F-11D3-BF4B-00C04F79EFBC}") = "Core", "Core\Core.csproj", "{30E428CF-43EF-40DC-8C08-E5E5D9B790B5}"
EndProject
Global
	GlobalSection(SolutionConfigurationPlatforms) = preSolution
		Debug|Any CPU = Debug|Any CPU
		Release|Any CPU = Release|Any CPU
	EndGlobalSection
	GlobalSection(ProjectConfigurationPlatforms) = postSolution
		{84537185-D029-40A4-BFED-652AEED2C8A0}.Debug|Any CPU.ActiveCfg = Debug|Any CPU
		{84537185-D029-40A4-BFED-652AEED2C8A0}.Debug|Any CPU.Build.0 = Debug|Any CPU
		{84537185-D029-40A4-BFED-652AEED2C8A0}.Release|Any CPU.ActiveCfg = Release|Any CPU
		{84537185-D029-40A4-BFED-652AEED2C8A0}.Release|Any CPU.Build.0 = Release|Any CPU
		{43429194-28BD-4C06-A80B-4CE631CF2DFA}.Debug|Any CPU.ActiveCfg = Debug|Any CPU
		{43429194-28BD-4C06-A80B-4CE631CF2DFA}.Debug|Any CPU.Build.0 = Debug|Any CPU
		{43429194-28BD-4C06-A80B-4CE631CF2DFA}.Release|Any CPU.ActiveCfg = Release|Any CPU
		{43429194-28BD-4C06-A80B-4CE631CF2DFA}.Release|Any CPU.Build.0 = Release|Any CPU
		{6C698774-CAD4-4566-9E78-33452B92DEA3}.Debug|Any CPU.ActiveCfg = Debug|Any CPU
		{6C698774-CAD4-4566-9E78-33452B92DEA3}.Debug|Any CPU.Build.0 = Debug|Any CPU
		{6C698774-CAD4-4566-9E78-33452B92DEA3}.Release|Any CPU.ActiveCfg = Release|Any CPU
		{6C698774-CAD4-4566-9E78-33452B92DEA3}.Release|Any CPU.Build.0 = Release|Any CPU
		{05AA7D8D-F9F4-433F-8AA1-DB4A0D8047FD}.Debug|Any CPU.ActiveCfg = Debug|Any CPU
		{05AA7D8D-F9F4-433F-8AA1-DB4A0D8047FD}.Debug|Any CPU.Build.0 = Debug|Any CPU
		{05AA7D8D-F9F4-433F-8AA1-DB4A0D8047FD}.Release|Any CPU.ActiveCfg = Release|Any CPU
		{05AA7D8D-F9F4-433F-8AA1-DB4A0D8047FD}.Release|Any CPU.Build.0 = Release|Any CPU
		{30E428CF-43EF-40DC-8C08-E5E5D9B790B5}.Debug|Any CPU.ActiveCfg = Debug|Any CPU
		{30E428CF-43EF-40DC-8C08-E5E5D9B790B5}.Debug|Any CPU.Build.0 = Debug|Any CPU
		{30E428CF-43EF-40DC-8C08-E5E5D9B790B5}.Release|Any CPU.ActiveCfg = Release|Any CPU
		{30E428CF-43EF-40DC-8C08-E5E5D9B790B5}.Release|Any CPU.Build.0 = Release|Any CPU
	EndGlobalSection
	GlobalSection(SolutionProperties) = preSolution
		HideSolutionNode = FALSE
	EndGlobalSection
	GlobalSection(ExtensibilityGlobals) = postSolution
		SolutionGuid = {2654856D-8147-4F4A-B2D5-6D30000E847D}
	EndGlobalSection
EndGlobal
